
Microsoft Visual Studio Solution File, Format Version 11.00
# Visual Studio 2010
Project("{FAE04EC0-301F-11D3-BF4B-00C04F79EFBC}") = "AI Lab 3", "Assembly-CSharp.csproj", "{4AE2ED5B-9027-EE30-FB30-CC2B8667697E}"
EndProject
Global
	GlobalSection(SolutionConfigurationPlatforms) = preSolution
		Debug|Any CPU = Debug|Any CPU
		Release|Any CPU = Release|Any CPU
	EndGlobalSection
	GlobalSection(ProjectConfigurationPlatforms) = postSolution
		{4AE2ED5B-9027-EE30-FB30-CC2B8667697E}.Debug|Any CPU.ActiveCfg = Debug|Any CPU
		{4AE2ED5B-9027-EE30-FB30-CC2B8667697E}.Debug|Any CPU.Build.0 = Debug|Any CPU
		{4AE2ED5B-9027-EE30-FB30-CC2B8667697E}.Release|Any CPU.ActiveCfg = Release|Any CPU
		{4AE2ED5B-9027-EE30-FB30-CC2B8667697E}.Release|Any CPU.Build.0 = Release|Any CPU
	EndGlobalSection
	GlobalSection(SolutionProperties) = preSolution
		HideSolutionNode = FALSE
	EndGlobalSection
	GlobalSection(MonoDevelopProperties) = preSolution
		StartupItem = Assembly-CSharp.csproj
	EndGlobalSection
EndGlobal
